
Microsoft Visual Studio Solution File, Format Version 12.00
# Visual Studio 15
VisualStudioVersion = 15.0.27428.2015
MinimumVisualStudioVersion = 10.0.40219.1
Project("{FAE04EC0-301F-11D3-BF4B-00C04F79EFBC}") = "Sample Core App", "WebApplication1\Sample Core App.csproj", "{CEBAA329-7EA5-4F4C-AFA0-D56627D9BA21}"
EndProject
Global
	GlobalSection(SolutionConfigurationPlatforms) = preSolution
		Debug|Any CPU = Debug|Any CPU
		Release|Any CPU = Release|Any CPU
	EndGlobalSection
	GlobalSection(ProjectConfigurationPlatforms) = postSolution
		{CEBAA329-7EA5-4F4C-AFA0-D56627D9BA21}.Debug|Any CPU.ActiveCfg = Debug|Any CPU
		{CEBAA329-7EA5-4F4C-AFA0-D56627D9BA21}.Debug|Any CPU.Build.0 = Debug|Any CPU
		{CEBAA329-7EA5-4F4C-AFA0-D56627D9BA21}.Release|Any CPU.ActiveCfg = Release|Any CPU
		{CEBAA329-7EA5-4F4C-AFA0-D56627D9BA21}.Release|Any CPU.Build.0 = Release|Any CPU
	EndGlobalSection
	GlobalSection(SolutionProperties) = preSolution
		HideSolutionNode = FALSE
	EndGlobalSection
	GlobalSection(ExtensibilityGlobals) = postSolution
		SolutionGuid = {075BDAAC-2F5B-456E-A9C6-A80928244E73}
	EndGlobalSection
EndGlobal
